
Microsoft Visual Studio Solution File, Format Version 12.00
# Visual Studio Version 17
VisualStudioVersion = 17.0.31903.59
MinimumVisualStudioVersion = 10.0.40219.1
Project("{2150E333-8FDC-42A3-9474-1A3956D46DE8}") = "src", "src", "{827E0CD3-B72D-47B6-A68D-7590B98EB39B}"
EndProject
Project("{FAE04EC0-301F-11D3-BF4B-00C04F79EFBC}") = "StoryWeaver.Core", "src\StoryWeaver.Core\StoryWeaver.Core.csproj", "{AD145ED4-8906-43BE-A68E-C84F4A16BEB8}"
EndProject
Project("{FAE04EC0-301F-11D3-BF4B-00C04F79EFBC}") = "StoryWeaver.Llm", "src\StoryWeaver.Llm\StoryWeaver.Llm.csproj", "{FF4AAC9E-A7BD-4D78-8E11-5062A82E915F}"
EndProject
Project("{FAE04EC0-301F-11D3-BF4B-00C04F79EFBC}") = "StoryWeaver.Storage", "src\StoryWeaver.Storage\StoryWeaver.Storage.csproj", "{3FFEB660-E936-4B1C-B60B-4A8FCC9A611E}"
EndProject
Project("{FAE04EC0-301F-11D3-BF4B-00C04F79EFBC}") = "StoryWeaver.Cli", "src\StoryWeaver.Cli\StoryWeaver.Cli.csproj", "{371EB17D-DA12-48FA-B78F-E17B7F1AAB3F}"
EndProject
Project("{FAE04EC0-301F-11D3-BF4B-00C04F79EFBC}") = "StoryWeaver.App", "src\StoryWeaver.App\StoryWeaver.App.csproj", "{025AF0D6-B451-44EA-903F-6A601EA0D422}"
EndProject
Global
	GlobalSection(SolutionConfigurationPlatforms) = preSolution
		Debug|Any CPU = Debug|Any CPU
		Debug|x64 = Debug|x64
		Debug|x86 = Debug|x86
		Release|Any CPU = Release|Any CPU
		Release|x64 = Release|x64
		Release|x86 = Release|x86
	EndGlobalSection
	GlobalSection(ProjectConfigurationPlatforms) = postSolution
		{AD145ED4-8906-43BE-A68E-C84F4A16BEB8}.Debug|Any CPU.ActiveCfg = Debug|Any CPU
		{AD145ED4-8906-43BE-A68E-C84F4A16BEB8}.Debug|Any CPU.Build.0 = Debug|Any CPU
		{AD145ED4-8906-43BE-A68E-C84F4A16BEB8}.Debug|x64.ActiveCfg = Debug|Any CPU
		{AD145ED4-8906-43BE-A68E-C84F4A16BEB8}.Debug|x64.Build.0 = Debug|Any CPU
		{AD145ED4-8906-43BE-A68E-C84F4A16BEB8}.Debug|x86.ActiveCfg = Debug|Any CPU
		{AD145ED4-8906-43BE-A68E-C84F4A16BEB8}.Debug|x86.Build.0 = Debug|Any CPU
		{AD145ED4-8906-43BE-A68E-C84F4A16BEB8}.Release|Any CPU.ActiveCfg = Release|Any CPU
		{AD145ED4-8906-43BE-A68E-C84F4A16BEB8}.Release|Any CPU.Build.0 = Release|Any CPU
		{AD145ED4-8906-43BE-A68E-C84F4A16BEB8}.Release|x64.ActiveCfg = Release|Any CPU
		{AD145ED4-8906-43BE-A68E-C84F4A16BEB8}.Release|x64.Build.0 = Release|Any CPU
		{AD145ED4-8906-43BE-A68E-C84F4A16BEB8}.Release|x86.ActiveCfg = Release|Any CPU
		{AD145ED4-8906-43BE-A68E-C84F4A16BEB8}.Release|x86.Build.0 = Release|Any CPU
		{FF4AAC9E-A7BD-4D78-8E11-5062A82E915F}.Debug|Any CPU.ActiveCfg = Debug|Any CPU
		{FF4AAC9E-A7BD-4D78-8E11-5062A82E915F}.Debug|Any CPU.Build.0 = Debug|Any CPU
		{FF4AAC9E-A7BD-4D78-8E11-5062A82E915F}.Debug|x64.ActiveCfg = Debug|Any CPU
		{FF4AAC9E-A7BD-4D78-8E11-5062A82E915F}.Debug|x64.Build.0 = Debug|Any CPU
		{FF4AAC9E-A7BD-4D78-8E11-5062A82E915F}.Debug|x86.ActiveCfg = Debug|Any CPU
		{FF4AAC9E-A7BD-4D78-8E11-5062A82E915F}.Debug|x86.Build.0 = Debug|Any CPU
		{FF4AAC9E-A7BD-4D78-8E11-5062A82E915F}.Release|Any CPU.ActiveCfg = Release|Any CPU
		{FF4AAC9E-A7BD-4D78-8E11-5062A82E915F}.Release|Any CPU.Build.0 = Release|Any CPU
		{FF4AAC9E-A7BD-4D78-8E11-5062A82E915F}.Release|x64.ActiveCfg = Release|Any CPU
		{FF4AAC9E-A7BD-4D78-8E11-5062A82E915F}.Release|x64.Build.0 = Release|Any CPU
		{FF4AAC9E-A7BD-4D78-8E11-5062A82E915F}.Release|x86.ActiveCfg = Release|Any CPU
		{FF4AAC9E-A7BD-4D78-8E11-5062A82E915F}.Release|x86.Build.0 = Release|Any CPU
		{3FFEB660-E936-4B1C-B60B-4A8FCC9A611E}.Debug|Any CPU.ActiveCfg = Debug|Any CPU
		{3FFEB660-E936-4B1C-B60B-4A8FCC9A611E}.Debug|Any CPU.Build.0 = Debug|Any CPU
		{3FFEB660-E936-4B1C-B60B-4A8FCC9A611E}.Debug|x64.ActiveCfg = Debug|Any CPU
		{3FFEB660-E936-4B1C-B60B-4A8FCC9A611E}.Debug|x64.Build.0 = Debug|Any CPU
		{3FFEB660-E936-4B1C-B60B-4A8FCC9A611E}.Debug|x86.ActiveCfg = Debug|Any CPU
		{3FFEB660-E936-4B1C-B60B-4A8FCC9A611E}.Debug|x86.Build.0 = Debug|Any CPU
		{3FFEB660-E936-4B1C-B60B-4A8FCC9A611E}.Release|Any CPU.ActiveCfg = Release|Any CPU
		{3FFEB660-E936-4B1C-B60B-4A8FCC9A611E}.Release|Any CPU.Build.0 = Release|Any CPU
		{3FFEB660-E936-4B1C-B60B-4A8FCC9A611E}.Release|x64.ActiveCfg = Release|Any CPU
		{3FFEB660-E936-4B1C-B60B-4A8FCC9A611E}.Release|x64.Build.0 = Release|Any CPU
		{3FFEB660-E936-4B1C-B60B-4A8FCC9A611E}.Release|x86.ActiveCfg = Release|Any CPU
		{3FFEB660-E936-4B1C-B60B-4A8FCC9A611E}.Release|x86.Build.0 = Release|Any CPU
		{371EB17D-DA12-48FA-B78F-E17B7F1AAB3F}.Debug|Any CPU.ActiveCfg = Debug|Any CPU
		{371EB17D-DA12-48FA-B78F-E17B7F1AAB3F}.Debug|Any CPU.Build.0 = Debug|Any CPU
		{371EB17D-DA12-48FA-B78F-E17B7F1AAB3F}.Debug|x64.ActiveCfg = Debug|Any CPU
		{371EB17D-DA12-48FA-B78F-E17B7F1AAB3F}.Debug|x64.Build.0 = Debug|Any CPU
		{371EB17D-DA12-48FA-B78F-E17B7F1AAB3F}.Debug|x86.ActiveCfg = Debug|Any CPU
		{371EB17D-DA12-48FA-B78F-E17B7F1AAB3F}.Debug|x86.Build.0 = Debug|Any CPU
		{371EB17D-DA12-48FA-B78F-E17B7F1AAB3F}.Release|Any CPU.ActiveCfg = Release|Any CPU
		{371EB17D-DA12-48FA-B78F-E17B7F1AAB3F}.Release|Any CPU.Build.0 = Release|Any CPU
		{371EB17D-DA12-48FA-B78F-E17B7F1AAB3F}.Release|x64.ActiveCfg = Release|Any CPU
		{371EB17D-DA12-48FA-B78F-E17B7F1AAB3F}.Release|x64.Build.0 = Release|Any CPU
		{371EB17D-DA12-48FA-B78F-E17B7F1AAB3F}.Release|x86.ActiveCfg = Release|Any CPU
		{371EB17D-DA12-48FA-B78F-E17B7F1AAB3F}.Release|x86.Build.0 = Release|Any CPU
		{025AF0D6-B451-44EA-903F-6A601EA0D422}.Debug|Any CPU.ActiveCfg = Debug|Any CPU
		{025AF0D6-B451-44EA-903F-6A601EA0D422}.Debug|Any CPU.Build.0 = Debug|Any CPU
		{025AF0D6-B451-44EA-903F-6A601EA0D422}.Debug|x64.ActiveCfg = Debug|Any CPU
		{025AF0D6-B451-44EA-903F-6A601EA0D422}.Debug|x64.Build.0 = Debug|Any CPU
		{025AF0D6-B451-44EA-903F-6A601EA0D422}.Debug|x86.ActiveCfg = Debug|Any CPU
		{025AF0D6-B451-44EA-903F-6A601EA0D422}.Debug|x86.Build.0 = Debug|Any CPU
		{025AF0D6-B451-44EA-903F-6A601EA0D422}.Release|Any CPU.ActiveCfg = Release|Any CPU
		{025AF0D6-B451-44EA-903F-6A601EA0D422}.Release|Any CPU.Build.0 = Release|Any CPU
		{025AF0D6-B451-44EA-903F-6A601EA0D422}.Release|x64.ActiveCfg = Release|Any CPU
		{025AF0D6-B451-44EA-903F-6A601EA0D422}.Release|x64.Build.0 = Release|Any CPU
		{025AF0D6-B451-44EA-903F-6A601EA0D422}.Release|x86.ActiveCfg = Release|Any CPU
		{025AF0D6-B451-44EA-903F-6A601EA0D422}.Release|x86.Build.0 = Release|Any CPU
	EndGlobalSection
	GlobalSection(SolutionProperties) = preSolution
		HideSolutionNode = FALSE
	EndGlobalSection
	GlobalSection(NestedProjects) = preSolution
		{AD145ED4-8906-43BE-A68E-C84F4A16BEB8} = {827E0CD3-B72D-47B6-A68D-7590B98EB39B}
		{FF4AAC9E-A7BD-4D78-8E11-5062A82E915F} = {827E0CD3-B72D-47B6-A68D-7590B98EB39B}
		{3FFEB660-E936-4B1C-B60B-4A8FCC9A611E} = {827E0CD3-B72D-47B6-A68D-7590B98EB39B}
		{371EB17D-DA12-48FA-B78F-E17B7F1AAB3F} = {827E0CD3-B72D-47B6-A68D-7590B98EB39B}
		{025AF0D6-B451-44EA-903F-6A601EA0D422} = {827E0CD3-B72D-47B6-A68D-7590B98EB39B}
	EndGlobalSection
EndGlobal
